
Microsoft Visual Studio Solution File, Format Version 12.00
# Visual Studio Version 18
VisualStudioVersion = 18.4.11626.88
MinimumVisualStudioVersion = 10.0.40219.1
Project("{2150E333-8FDC-42A3-9474-1A3956D46DE8}") = "Lab", "Lab", "{88AB7371-40A3-7B65-CF7E-ACD3CC9F1E10}"
EndProject
Project("{2150E333-8FDC-42A3-9474-1A3956D46DE8}") = "src", "src", "{4CB9FF00-BAD1-0D37-BD78-DDE13AF1C690}"
EndProject
Project("{2150E333-8FDC-42A3-9474-1A3956D46DE8}") = "agent-creator", "agent-creator", "{22EF40BE-A5CB-A4CF-CD3F-94FB7D4E8AA1}"
	ProjectSection(SolutionItems) = preProject
		Lab\src\agent-creator\Dockerfile = Lab\src\agent-creator\Dockerfile
	EndProjectSection
EndProject
Project("{FAE04EC0-301F-11D3-BF4B-00C04F79EFBC}") = "AgentCreator", "Lab\src\agent-creator\AgentCreator\AgentCreator.csproj", "{C99F1738-5F6C-C0B6-1173-10F8B0D60F99}"
EndProject
Project("{FAE04EC0-301F-11D3-BF4B-00C04F79EFBC}") = "AgentCreator.Tests", "Lab\src\agent-creator\AgentCreator.Tests\AgentCreator.Tests.csproj", "{26716873-9800-6BA1-3274-74E02ABB8D53}"
EndProject
Project("{2150E333-8FDC-42A3-9474-1A3956D46DE8}") = "agent-research", "agent-research", "{8819913F-DA90-4BDA-8F47-3F5C92C809B9}"
EndProject
Project("{888888A0-9F3D-457C-B088-3A5042F75D52}") = "agent-research", "Lab\src\agent-research\agent-research.pyproj", "{AC7A26DC-58FE-418E-A05F-5B16CD68C3D7}"
EndProject
Project("{2150E333-8FDC-42A3-9474-1A3956D46DE8}") = "agent-podcaster", "agent-podcaster", "{19008E15-F2CD-4CE7-817C-CCBE5890FD62}"
EndProject
Project("{888888A0-9F3D-457C-B088-3A5042F75D52}") = "agent-podcaster", "Lab\src\agent-podcaster\agent-podcaster.pyproj", "{E569F222-A002-4311-AB0C-505354894AE0}"
EndProject
Project("{2150E333-8FDC-42A3-9474-1A3956D46DE8}") = "tts-server", "tts-server", "{4DF5FC9E-D41F-4CDD-BADF-D0D2B26DB741}"
EndProject
Project("{888888A0-9F3D-457C-B088-3A5042F75D52}") = "tts-server", "Lab\src\tts-server\tts-server.pyproj", "{5427E018-2553-46BF-AF48-65847199A830}"
EndProject
Project("{2150E333-8FDC-42A3-9474-1A3956D46DE8}") = "dev-ui", "dev-ui", "{D562B373-FA90-49DB-B72D-756774A17750}"
EndProject
Project("{54A90642-561A-4BB1-A94E-469ADEE60C69}") = "dev-ui", "Lab\src\dev-ui\dev-ui.esproj", "{86E567C4-A951-46A9-B86D-3ABADC94E687}"
EndProject
Project("{2150E333-8FDC-42A3-9474-1A3956D46DE8}") = "aspire", "aspire", "{8D559BF3-EE76-C704-98DF-8E566645B355}"
EndProject
Project("{FAE04EC0-301F-11D3-BF4B-00C04F79EFBC}") = "ContentAgentFactory.AppHost", "Lab\src\aspire\ContentAgentFactory.AppHost\ContentAgentFactory.AppHost.csproj", "{7C77C64D-0015-4021-96FA-60D3F1FB46C1}"
EndProject
Project("{FAE04EC0-301F-11D3-BF4B-00C04F79EFBC}") = "ContentAgentFactory.ServiceDefaults", "Lab\src\aspire\ContentAgentFactory.ServiceDefaults\ContentAgentFactory.ServiceDefaults.csproj", "{7ADEAFE4-AC2A-44D8-B35E-E1B88243C529}"
EndProject
Global
	GlobalSection(SolutionConfigurationPlatforms) = preSolution
		Debug|Any CPU = Debug|Any CPU
		Debug|x64 = Debug|x64
		Debug|x86 = Debug|x86
		Release|Any CPU = Release|Any CPU
		Release|x64 = Release|x64
		Release|x86 = Release|x86
	EndGlobalSection
	GlobalSection(ProjectConfigurationPlatforms) = postSolution
		{C99F1738-5F6C-C0B6-1173-10F8B0D60F99}.Debug|Any CPU.ActiveCfg = Debug|Any CPU
		{C99F1738-5F6C-C0B6-1173-10F8B0D60F99}.Debug|Any CPU.Build.0 = Debug|Any CPU
		{C99F1738-5F6C-C0B6-1173-10F8B0D60F99}.Debug|x64.ActiveCfg = Debug|Any CPU
		{C99F1738-5F6C-C0B6-1173-10F8B0D60F99}.Debug|x64.Build.0 = Debug|Any CPU
		{C99F1738-5F6C-C0B6-1173-10F8B0D60F99}.Debug|x86.ActiveCfg = Debug|Any CPU
		{C99F1738-5F6C-C0B6-1173-10F8B0D60F99}.Debug|x86.Build.0 = Debug|Any CPU
		{C99F1738-5F6C-C0B6-1173-10F8B0D60F99}.Release|Any CPU.ActiveCfg = Release|Any CPU
		{C99F1738-5F6C-C0B6-1173-10F8B0D60F99}.Release|Any CPU.Build.0 = Release|Any CPU
		{C99F1738-5F6C-C0B6-1173-10F8B0D60F99}.Release|x64.ActiveCfg = Release|Any CPU
		{C99F1738-5F6C-C0B6-1173-10F8B0D60F99}.Release|x64.Build.0 = Release|Any CPU
		{C99F1738-5F6C-C0B6-1173-10F8B0D60F99}.Release|x86.ActiveCfg = Release|Any CPU
		{C99F1738-5F6C-C0B6-1173-10F8B0D60F99}.Release|x86.Build.0 = Release|Any CPU
		{26716873-9800-6BA1-3274-74E02ABB8D53}.Debug|Any CPU.ActiveCfg = Debug|Any CPU
		{26716873-9800-6BA1-3274-74E02ABB8D53}.Debug|Any CPU.Build.0 = Debug|Any CPU
		{26716873-9800-6BA1-3274-74E02ABB8D53}.Debug|x64.ActiveCfg = Debug|Any CPU
		{26716873-9800-6BA1-3274-74E02ABB8D53}.Debug|x64.Build.0 = Debug|Any CPU
		{26716873-9800-6BA1-3274-74E02ABB8D53}.Debug|x86.ActiveCfg = Debug|Any CPU
		{26716873-9800-6BA1-3274-74E02ABB8D53}.Debug|x86.Build.0 = Debug|Any CPU
		{26716873-9800-6BA1-3274-74E02ABB8D53}.Release|Any CPU.ActiveCfg = Release|Any CPU
		{26716873-9800-6BA1-3274-74E02ABB8D53}.Release|Any CPU.Build.0 = Release|Any CPU
		{26716873-9800-6BA1-3274-74E02ABB8D53}.Release|x64.ActiveCfg = Release|Any CPU
		{26716873-9800-6BA1-3274-74E02ABB8D53}.Release|x64.Build.0 = Release|Any CPU
		{26716873-9800-6BA1-3274-74E02ABB8D53}.Release|x86.ActiveCfg = Release|Any CPU
		{26716873-9800-6BA1-3274-74E02ABB8D53}.Release|x86.Build.0 = Release|Any CPU
		{AC7A26DC-58FE-418E-A05F-5B16CD68C3D7}.Debug|Any CPU.ActiveCfg = Debug|Any CPU
		{AC7A26DC-58FE-418E-A05F-5B16CD68C3D7}.Debug|x64.ActiveCfg = Debug|x64
		{AC7A26DC-58FE-418E-A05F-5B16CD68C3D7}.Debug|x64.Build.0 = Debug|x64
		{AC7A26DC-58FE-418E-A05F-5B16CD68C3D7}.Debug|x86.ActiveCfg = Debug|x86
		{AC7A26DC-58FE-418E-A05F-5B16CD68C3D7}.Debug|x86.Build.0 = Debug|x86
		{AC7A26DC-58FE-418E-A05F-5B16CD68C3D7}.Release|Any CPU.ActiveCfg = Release|Any CPU
		{AC7A26DC-58FE-418E-A05F-5B16CD68C3D7}.Release|x64.ActiveCfg = Release|x64
		{AC7A26DC-58FE-418E-A05F-5B16CD68C3D7}.Release|x64.Build.0 = Release|x64
		{AC7A26DC-58FE-418E-A05F-5B16CD68C3D7}.Release|x86.ActiveCfg = Release|x86
		{AC7A26DC-58FE-418E-A05F-5B16CD68C3D7}.Release|x86.Build.0 = Release|x86
		{E569F222-A002-4311-AB0C-505354894AE0}.Debug|Any CPU.ActiveCfg = Debug|Any CPU
		{E569F222-A002-4311-AB0C-505354894AE0}.Debug|x64.ActiveCfg = Debug|x64
		{E569F222-A002-4311-AB0C-505354894AE0}.Debug|x64.Build.0 = Debug|x64
		{E569F222-A002-4311-AB0C-505354894AE0}.Debug|x86.ActiveCfg = Debug|x86
		{E569F222-A002-4311-AB0C-505354894AE0}.Debug|x86.Build.0 = Debug|x86
		{E569F222-A002-4311-AB0C-505354894AE0}.Release|Any CPU.ActiveCfg = Release|Any CPU
		{E569F222-A002-4311-AB0C-505354894AE0}.Release|x64.ActiveCfg = Release|x64
		{E569F222-A002-4311-AB0C-505354894AE0}.Release|x64.Build.0 = Release|x64
		{E569F222-A002-4311-AB0C-505354894AE0}.Release|x86.ActiveCfg = Release|x86
		{E569F222-A002-4311-AB0C-505354894AE0}.Release|x86.Build.0 = Release|x86
		{5427E018-2553-46BF-AF48-65847199A830}.Debug|Any CPU.ActiveCfg = Debug|Any CPU
		{5427E018-2553-46BF-AF48-65847199A830}.Debug|x64.ActiveCfg = Debug|x64
		{5427E018-2553-46BF-AF48-65847199A830}.Debug|x64.Build.0 = Debug|x64
		{5427E018-2553-46BF-AF48-65847199A830}.Debug|x86.ActiveCfg = Debug|x86
		{5427E018-2553-46BF-AF48-65847199A830}.Debug|x86.Build.0 = Debug|x86
		{5427E018-2553-46BF-AF48-65847199A830}.Release|Any CPU.ActiveCfg = Release|Any CPU
		{5427E018-2553-46BF-AF48-65847199A830}.Release|x64.ActiveCfg = Release|x64
		{5427E018-2553-46BF-AF48-65847199A830}.Release|x64.Build.0 = Release|x64
		{5427E018-2553-46BF-AF48-65847199A830}.Release|x86.ActiveCfg = Release|x86
		{5427E018-2553-46BF-AF48-65847199A830}.Release|x86.Build.0 = Release|x86
		{86E567C4-A951-46A9-B86D-3ABADC94E687}.Debug|Any CPU.ActiveCfg = Debug|Any CPU
		{86E567C4-A951-46A9-B86D-3ABADC94E687}.Debug|Any CPU.Build.0 = Debug|Any CPU
		{86E567C4-A951-46A9-B86D-3ABADC94E687}.Debug|Any CPU.Deploy.0 = Debug|Any CPU
		{86E567C4-A951-46A9-B86D-3ABADC94E687}.Debug|x64.ActiveCfg = Debug|x64
		{86E567C4-A951-46A9-B86D-3ABADC94E687}.Debug|x86.ActiveCfg = Debug|x86
		{86E567C4-A951-46A9-B86D-3ABADC94E687}.Release|Any CPU.ActiveCfg = Release|Any CPU
		{86E567C4-A951-46A9-B86D-3ABADC94E687}.Release|Any CPU.Build.0 = Release|Any CPU
		{86E567C4-A951-46A9-B86D-3ABADC94E687}.Release|Any CPU.Deploy.0 = Release|Any CPU
		{86E567C4-A951-46A9-B86D-3ABADC94E687}.Release|x64.ActiveCfg = Release|x64
		{86E567C4-A951-46A9-B86D-3ABADC94E687}.Release|x86.ActiveCfg = Release|x86
		{7C77C64D-0015-4021-96FA-60D3F1FB46C1}.Debug|Any CPU.ActiveCfg = Debug|Any CPU
		{7C77C64D-0015-4021-96FA-60D3F1FB46C1}.Debug|Any CPU.Build.0 = Debug|Any CPU
		{7C77C64D-0015-4021-96FA-60D3F1FB46C1}.Debug|x64.ActiveCfg = Debug|Any CPU
		{7C77C64D-0015-4021-96FA-60D3F1FB46C1}.Debug|x64.Build.0 = Debug|Any CPU
		{7C77C64D-0015-4021-96FA-60D3F1FB46C1}.Debug|x86.ActiveCfg = Debug|Any CPU
		{7C77C64D-0015-4021-96FA-60D3F1FB46C1}.Debug|x86.Build.0 = Debug|Any CPU
		{7C77C64D-0015-4021-96FA-60D3F1FB46C1}.Release|Any CPU.ActiveCfg = Release|Any CPU
		{7C77C64D-0015-4021-96FA-60D3F1FB46C1}.Release|Any CPU.Build.0 = Release|Any CPU
		{7C77C64D-0015-4021-96FA-60D3F1FB46C1}.Release|x64.ActiveCfg = Release|Any CPU
		{7C77C64D-0015-4021-96FA-60D3F1FB46C1}.Release|x64.Build.0 = Release|Any CPU
		{7C77C64D-0015-4021-96FA-60D3F1FB46C1}.Release|x86.ActiveCfg = Release|Any CPU
		{7C77C64D-0015-4021-96FA-60D3F1FB46C1}.Release|x86.Build.0 = Release|Any CPU
		{7ADEAFE4-AC2A-44D8-B35E-E1B88243C529}.Debug|Any CPU.ActiveCfg = Debug|Any CPU
		{7ADEAFE4-AC2A-44D8-B35E-E1B88243C529}.Debug|Any CPU.Build.0 = Debug|Any CPU
		{7ADEAFE4-AC2A-44D8-B35E-E1B88243C529}.Debug|x64.ActiveCfg = Debug|Any CPU
		{7ADEAFE4-AC2A-44D8-B35E-E1B88243C529}.Debug|x64.Build.0 = Debug|Any CPU
		{7ADEAFE4-AC2A-44D8-B35E-E1B88243C529}.Debug|x86.ActiveCfg = Debug|Any CPU
		{7ADEAFE4-AC2A-44D8-B35E-E1B88243C529}.Debug|x86.Build.0 = Debug|Any CPU
		{7ADEAFE4-AC2A-44D8-B35E-E1B88243C529}.Release|Any CPU.ActiveCfg = Release|Any CPU
		{7ADEAFE4-AC2A-44D8-B35E-E1B88243C529}.Release|Any CPU.Build.0 = Release|Any CPU
		{7ADEAFE4-AC2A-44D8-B35E-E1B88243C529}.Release|x64.ActiveCfg = Release|Any CPU
		{7ADEAFE4-AC2A-44D8-B35E-E1B88243C529}.Release|x64.Build.0 = Release|Any CPU
		{7ADEAFE4-AC2A-44D8-B35E-E1B88243C529}.Release|x86.ActiveCfg = Release|Any CPU
		{7ADEAFE4-AC2A-44D8-B35E-E1B88243C529}.Release|x86.Build.0 = Release|Any CPU
	EndGlobalSection
	GlobalSection(SolutionProperties) = preSolution
		HideSolutionNode = FALSE
	EndGlobalSection
	GlobalSection(NestedProjects) = preSolution
		{4CB9FF00-BAD1-0D37-BD78-DDE13AF1C690} = {88AB7371-40A3-7B65-CF7E-ACD3CC9F1E10}
		{22EF40BE-A5CB-A4CF-CD3F-94FB7D4E8AA1} = {4CB9FF00-BAD1-0D37-BD78-DDE13AF1C690}
		{C99F1738-5F6C-C0B6-1173-10F8B0D60F99} = {22EF40BE-A5CB-A4CF-CD3F-94FB7D4E8AA1}
		{26716873-9800-6BA1-3274-74E02ABB8D53} = {22EF40BE-A5CB-A4CF-CD3F-94FB7D4E8AA1}
		{8819913F-DA90-4BDA-8F47-3F5C92C809B9} = {4CB9FF00-BAD1-0D37-BD78-DDE13AF1C690}
		{AC7A26DC-58FE-418E-A05F-5B16CD68C3D7} = {8819913F-DA90-4BDA-8F47-3F5C92C809B9}
		{19008E15-F2CD-4CE7-817C-CCBE5890FD62} = {4CB9FF00-BAD1-0D37-BD78-DDE13AF1C690}
		{E569F222-A002-4311-AB0C-505354894AE0} = {19008E15-F2CD-4CE7-817C-CCBE5890FD62}
		{4DF5FC9E-D41F-4CDD-BADF-D0D2B26DB741} = {4CB9FF00-BAD1-0D37-BD78-DDE13AF1C690}
		{5427E018-2553-46BF-AF48-65847199A830} = {4DF5FC9E-D41F-4CDD-BADF-D0D2B26DB741}
		{D562B373-FA90-49DB-B72D-756774A17750} = {4CB9FF00-BAD1-0D37-BD78-DDE13AF1C690}
		{86E567C4-A951-46A9-B86D-3ABADC94E687} = {D562B373-FA90-49DB-B72D-756774A17750}
		{8D559BF3-EE76-C704-98DF-8E566645B355} = {4CB9FF00-BAD1-0D37-BD78-DDE13AF1C690}
		{7C77C64D-0015-4021-96FA-60D3F1FB46C1} = {8D559BF3-EE76-C704-98DF-8E566645B355}
		{7ADEAFE4-AC2A-44D8-B35E-E1B88243C529} = {8D559BF3-EE76-C704-98DF-8E566645B355}
	EndGlobalSection
	GlobalSection(ExtensibilityGlobals) = postSolution
		SolutionGuid = {B7602FD9-675F-42AF-B5EB-CCA88F38E946}
	EndGlobalSection
EndGlobal
